<Solution>
  <Folder Name="/spikes/">
    <Project Path="spikes/Shubbak.Spike/Shubbak.Spike.csproj" />
  </Folder>
  <Folder Name="/src/">
    <Project Path="src/Shubbak.Cli/Shubbak.Cli.csproj" />
    <Project Path="src/Shubbak.Config/Shubbak.Config.csproj" />
    <Project Path="src/Shubbak.Core/Shubbak.Core.csproj" />
    <Project Path="src/Shubbak.Ipc/Shubbak.Ipc.csproj" />
    <Project Path="src/Shubbak.Native/Shubbak.Native.csproj" />
    <Project Path="src/Shubbak.Wm/Shubbak.Wm.csproj" />
    <Project Path="src/Taj.Core/Taj.Core.csproj" />
    <Project Path="src/Taj/Taj.csproj" />
  </Folder>
  <Folder Name="/tests/">
    <Project Path="tests/Shubbak.Config.Tests/Shubbak.Config.Tests.csproj" />
    <Project Path="tests/Shubbak.Core.Tests/Shubbak.Core.Tests.csproj" />
    <Project Path="tests/Shubbak.Native.Tests/Shubbak.Native.Tests.csproj" />
    <Project Path="tests/Taj.Core.Tests/Taj.Core.Tests.csproj" />
  </Folder>
</Solution>
